
Microsoft Visual Studio Solution File, Format Version 12.00
# Visual Studio Version 17
VisualStudioVersion = 17.3.32922.545
MinimumVisualStudioVersion = 10.0.40219.1
Project("{FAE04EC0-301F-11D3-BF4B-00C04F79EFBC}") = "TMFL", "TMFL.csproj", "{7BFBFCB8-EB42-433A-AFC1-788B6F20149A}"
EndProject
Global
	GlobalSection(SolutionConfigurationPlatforms) = preSolution
		Debug|Any CPU = Debug|Any CPU
		Release|Any CPU = Release|Any CPU
	EndGlobalSection
	GlobalSection(ProjectConfigurationPlatforms) = postSolution
		{7BFBFCB8-EB42-433A-AFC1-788B6F20149A}.Debug|Any CPU.ActiveCfg = Debug|Any CPU
		{7BFBFCB8-EB42-433A-AFC1-788B6F20149A}.Debug|Any CPU.Build.0 = Debug|Any CPU
		{7BFBFCB8-EB42-433A-AFC1-788B6F20149A}.Release|Any CPU.ActiveCfg = Release|Any CPU
		{7BFBFCB8-EB42-433A-AFC1-788B6F20149A}.Release|Any CPU.Build.0 = Release|Any CPU
	EndGlobalSection
	GlobalSection(SolutionProperties) = preSolution
		HideSolutionNode = FALSE
	EndGlobalSection
	GlobalSection(ExtensibilityGlobals) = postSolution
		SolutionGuid = {30E87BF6-FDA0-4C6C-BDB0-819A890577F9}
	EndGlobalSection
EndGlobal
